
Microsoft Visual Studio Solution File, Format Version 12.00
# Visual Studio Version 17
VisualStudioVersion = 17.13.35931.197 d17.13
MinimumVisualStudioVersion = 10.0.40219.1
Project("{FAE04EC0-301F-11D3-BF4B-00C04F79EFBC}") = "MAUI_ChartAxis", "MAUI_ChartAxis\MAUI_ChartAxis.csproj", "{F6D0F155-81AF-4B9D-9AA3-C3AF9BF0035C}"
EndProject
Global
	GlobalSection(SolutionConfigurationPlatforms) = preSolution
		Debug|Any CPU = Debug|Any CPU
		Release|Any CPU = Release|Any CPU
	EndGlobalSection
	GlobalSection(ProjectConfigurationPlatforms) = postSolution
		{F6D0F155-81AF-4B9D-9AA3-C3AF9BF0035C}.Debug|Any CPU.ActiveCfg = Debug|Any CPU
		{F6D0F155-81AF-4B9D-9AA3-C3AF9BF0035C}.Debug|Any CPU.Build.0 = Debug|Any CPU
		{F6D0F155-81AF-4B9D-9AA3-C3AF9BF0035C}.Release|Any CPU.ActiveCfg = Release|Any CPU
		{F6D0F155-81AF-4B9D-9AA3-C3AF9BF0035C}.Release|Any CPU.Build.0 = Release|Any CPU
	EndGlobalSection
	GlobalSection(SolutionProperties) = preSolution
		HideSolutionNode = FALSE
	EndGlobalSection
	GlobalSection(ExtensibilityGlobals) = postSolution
		SolutionGuid = {047E7B3B-9ED4-4162-8151-2FB6D02B59C2}
	EndGlobalSection
EndGlobal
